
Microsoft Visual Studio Solution File, Format Version 12.00
# Visual Studio Version 17
VisualStudioVersion = 17.6.33723.286
MinimumVisualStudioVersion = 10.0.40219.1
Project("{FAE04EC0-301F-11D3-BF4B-00C04F79EFBC}") = "Nurbnb.Pagos.Domain", "Nurbnb.Pagos.Domain\Nurbnb.Pagos.Domain.csproj", "{8B5CD5CA-A898-4079-9406-286B084AAB7D}"
EndProject
Project("{9A19103F-16F7-4668-BE54-9A1E7A4F7556}") = "Restaurant.SharedKernel", "..\Restaurant.Common\Restaurant.SharedKernel\Restaurant.SharedKernel.csproj", "{F92EA17F-8C36-4AD5-90D3-1199B57B83C8}"
EndProject
Global
	GlobalSection(SolutionConfigurationPlatforms) = preSolution
		Debug|Any CPU = Debug|Any CPU
		Release|Any CPU = Release|Any CPU
	EndGlobalSection
	GlobalSection(ProjectConfigurationPlatforms) = postSolution
		{8B5CD5CA-A898-4079-9406-286B084AAB7D}.Debug|Any CPU.ActiveCfg = Debug|Any CPU
		{8B5CD5CA-A898-4079-9406-286B084AAB7D}.Debug|Any CPU.Build.0 = Debug|Any CPU
		{8B5CD5CA-A898-4079-9406-286B084AAB7D}.Release|Any CPU.ActiveCfg = Release|Any CPU
		{8B5CD5CA-A898-4079-9406-286B084AAB7D}.Release|Any CPU.Build.0 = Release|Any CPU
		{F92EA17F-8C36-4AD5-90D3-1199B57B83C8}.Debug|Any CPU.ActiveCfg = Debug|Any CPU
		{F92EA17F-8C36-4AD5-90D3-1199B57B83C8}.Debug|Any CPU.Build.0 = Debug|Any CPU
		{F92EA17F-8C36-4AD5-90D3-1199B57B83C8}.Release|Any CPU.ActiveCfg = Release|Any CPU
		{F92EA17F-8C36-4AD5-90D3-1199B57B83C8}.Release|Any CPU.Build.0 = Release|Any CPU
	EndGlobalSection
	GlobalSection(SolutionProperties) = preSolution
		HideSolutionNode = FALSE
	EndGlobalSection
	GlobalSection(ExtensibilityGlobals) = postSolution
		SolutionGuid = {4067BFB4-F7C0-4E90-AC25-64737C62C8C1}
	EndGlobalSection
EndGlobal
